# This file is automatically @generated by Cargo.
# It is not intended for manual editing.
version = 3

[[package]]
name = "anyhow"
version = "1.0.59"
source = "registry+https://github.com/rust-lang/crates.io-index"
checksum = "c91f1f46651137be86f3a2b9a8359f9ab421d04d941c62b5982e1ca21113adf9"

[[package]]
name = "libc"
version = "0.2.126"
source = "registry+https://github.com/rust-lang/crates.io-index"
checksum = "349d5a591cd28b49e1d1037471617a32ddcda5731b99419008085f72d5a53836"

[[package]]
name = "producer"
version = "0.1.0"
dependencies = [
 "anyhow",
 "rppal",
]

[[package]]
name = "rppal"
version = "0.13.1"
source = "git+https://github.com/golemparts/rppal.git#54e54cbe17293044eaf77bc599631c0ecc572f91"
dependencies = [
 "libc",
]

[[package]]
name = "supervisor"
version = "0.1.0"
